
Microsoft Visual Studio Solution File, Format Version 12.00
# Visual Studio 15
VisualStudioVersion = 15.0.36617.4
MinimumVisualStudioVersion = 10.0.40219.1
Project("{FAE04EC0-301F-11D3-BF4B-00C04F79EFBC}") = "EntegrefKrediOnay", "EntegrefKrediOnay.csproj", "{5E44946A-54A6-4606-98CA-53B65FB8C49C}"
EndProject
Global
	GlobalSection(SolutionConfigurationPlatforms) = preSolution
		Debug|Any CPU = Debug|Any CPU
		Release|Any CPU = Release|Any CPU
	EndGlobalSection
	GlobalSection(ProjectConfigurationPlatforms) = postSolution
		{5E44946A-54A6-4606-98CA-53B65FB8C49C}.Debug|Any CPU.ActiveCfg = Debug|Any CPU
		{5E44946A-54A6-4606-98CA-53B65FB8C49C}.Debug|Any CPU.Build.0 = Debug|Any CPU
		{5E44946A-54A6-4606-98CA-53B65FB8C49C}.Release|Any CPU.ActiveCfg = Release|Any CPU
		{5E44946A-54A6-4606-98CA-53B65FB8C49C}.Release|Any CPU.Build.0 = Release|Any CPU
	EndGlobalSection
	GlobalSection(SolutionProperties) = preSolution
		HideSolutionNode = FALSE
	EndGlobalSection
	GlobalSection(ExtensibilityGlobals) = postSolution
		SolutionGuid = {ACAB4A62-543B-4B36-ADC0-68C2413AE36A}
	EndGlobalSection
EndGlobal
